PackratFormat: 1.4
PackratVersion: 0.4.6.1
RVersion: 3.2.3
Repos: CRAN=https://cran.rstudio.com/,
    BioCsoft=https://bioconductor.org/packages/3.2/bioc,
    BioCann=https://bioconductor.org/packages/3.2/data/annotation,
    BioCexp=https://bioconductor.org/packages/3.2/data/experiment,
    BioCextra=https://bioconductor.org/packages/3.2/extra

Package: BiocInstaller
Source: Bioconductor
Version: 1.20.1
Hash: b0832723ed34ca97edbf9163233c10b1

Package: ISLR
Source: CRAN
Version: 1.0
Hash: 3ef9d1bc223f9004faa44a70e177a58b

Package: packrat
Source: CRAN
Version: 0.4.6-1
Hash: ede5c9b2ba00269324349ef07ef89a81
